
Microsoft Visual Studio Solution File, Format Version 12.00
# Visual Studio 14
VisualStudioVersion = 14.0.25420.1
MinimumVisualStudioVersion = 10.0.40219.1
Project("{FAE04EC0-301F-11D3-BF4B-00C04F79EFBC}") = "tcpServerDemo", "tcpServerDemo\tcpServerDemo.csproj", "{5A058CBC-8E7D-433B-82A7-3904878B1B6B}"
EndProject
Project("{FAE04EC0-301F-11D3-BF4B-00C04F79EFBC}") = "tcpClientDemo", "tcpClientDemo\tcpClientDemo.csproj", "{DC5CEC8B-4014-46D2-8141-B18FC0E2A31B}"
EndProject
Global
	GlobalSection(SolutionConfigurationPlatforms) = preSolution
		Debug|Any CPU = Debug|Any CPU
		Release|Any CPU = Release|Any CPU
	EndGlobalSection
	GlobalSection(ProjectConfigurationPlatforms) = postSolution
		{5A058CBC-8E7D-433B-82A7-3904878B1B6B}.Debug|Any CPU.ActiveCfg = Debug|Any CPU
		{5A058CBC-8E7D-433B-82A7-3904878B1B6B}.Debug|Any CPU.Build.0 = Debug|Any CPU
		{5A058CBC-8E7D-433B-82A7-3904878B1B6B}.Release|Any CPU.ActiveCfg = Release|Any CPU
		{5A058CBC-8E7D-433B-82A7-3904878B1B6B}.Release|Any CPU.Build.0 = Release|Any CPU
		{DC5CEC8B-4014-46D2-8141-B18FC0E2A31B}.Debug|Any CPU.ActiveCfg = Debug|Any CPU
		{DC5CEC8B-4014-46D2-8141-B18FC0E2A31B}.Debug|Any CPU.Build.0 = Debug|Any CPU
		{DC5CEC8B-4014-46D2-8141-B18FC0E2A31B}.Release|Any CPU.ActiveCfg = Release|Any CPU
		{DC5CEC8B-4014-46D2-8141-B18FC0E2A31B}.Release|Any CPU.Build.0 = Release|Any CPU
	EndGlobalSection
	GlobalSection(SolutionProperties) = preSolution
		HideSolutionNode = FALSE
	EndGlobalSection
EndGlobal
